
Microsoft Visual Studio Solution File, Format Version 12.00
# Visual Studio Version 17
VisualStudioVersion = 17.5.002.0
MinimumVisualStudioVersion = 10.0.40219.1
Project("{9A19103F-16F7-4668-BE54-9A1E7A4F7556}") = "DZ1", "DZ1\DZ1.csproj", "{4E0F5640-F18C-44AB-B455-38F2348E54D8}"
EndProject
Project("{9A19103F-16F7-4668-BE54-9A1E7A4F7556}") = "DZ2", "DZ2\DZ2.csproj", "{10A1AA14-0BE8-41B1-A3D2-F58D18F214C3}"
EndProject
Project("{9A19103F-16F7-4668-BE54-9A1E7A4F7556}") = "DZ3", "DZ3\DZ3.csproj", "{D4E593CC-442F-45D3-9FA3-53D38AB85CFC}"
EndProject
Project("{9A19103F-16F7-4668-BE54-9A1E7A4F7556}") = "DZ4", "DZ4\DZ4.csproj", "{E588A3FC-96B4-4B46-B563-1686373C31E2}"
EndProject
Project("{9A19103F-16F7-4668-BE54-9A1E7A4F7556}") = "DZ5", "DZ5\DZ5.csproj", "{98D22A24-A445-4665-BE09-1545C22A2ACA}"
EndProject
Project("{9A19103F-16F7-4668-BE54-9A1E7A4F7556}") = "DZ6", "DZ6\DZ6.csproj", "{8EF70B31-395D-4991-B7F2-A6C0EBEC6E65}"
EndProject
Project("{9A19103F-16F7-4668-BE54-9A1E7A4F7556}") = "DZ7", "DZ7\DZ7.csproj", "{83E9BDEA-AAAD-4D4C-9E05-B7C45FEAF6E9}"
EndProject
Global
	GlobalSection(SolutionConfigurationPlatforms) = preSolution
		Debug|Any CPU = Debug|Any CPU
		Release|Any CPU = Release|Any CPU
	EndGlobalSection
	GlobalSection(ProjectConfigurationPlatforms) = postSolution
		{4E0F5640-F18C-44AB-B455-38F2348E54D8}.Debug|Any CPU.ActiveCfg = Debug|Any CPU
		{4E0F5640-F18C-44AB-B455-38F2348E54D8}.Debug|Any CPU.Build.0 = Debug|Any CPU
		{4E0F5640-F18C-44AB-B455-38F2348E54D8}.Release|Any CPU.ActiveCfg = Release|Any CPU
		{4E0F5640-F18C-44AB-B455-38F2348E54D8}.Release|Any CPU.Build.0 = Release|Any CPU
		{10A1AA14-0BE8-41B1-A3D2-F58D18F214C3}.Debug|Any CPU.ActiveCfg = Debug|Any CPU
		{10A1AA14-0BE8-41B1-A3D2-F58D18F214C3}.Debug|Any CPU.Build.0 = Debug|Any CPU
		{10A1AA14-0BE8-41B1-A3D2-F58D18F214C3}.Release|Any CPU.ActiveCfg = Release|Any CPU
		{10A1AA14-0BE8-41B1-A3D2-F58D18F214C3}.Release|Any CPU.Build.0 = Release|Any CPU
		{D4E593CC-442F-45D3-9FA3-53D38AB85CFC}.Debug|Any CPU.ActiveCfg = Debug|Any CPU
		{D4E593CC-442F-45D3-9FA3-53D38AB85CFC}.Debug|Any CPU.Build.0 = Debug|Any CPU
		{D4E593CC-442F-45D3-9FA3-53D38AB85CFC}.Release|Any CPU.ActiveCfg = Release|Any CPU
		{D4E593CC-442F-45D3-9FA3-53D38AB85CFC}.Release|Any CPU.Build.0 = Release|Any CPU
		{E588A3FC-96B4-4B46-B563-1686373C31E2}.Debug|Any CPU.ActiveCfg = Debug|Any CPU
		{E588A3FC-96B4-4B46-B563-1686373C31E2}.Debug|Any CPU.Build.0 = Debug|Any CPU
		{E588A3FC-96B4-4B46-B563-1686373C31E2}.Release|Any CPU.ActiveCfg = Release|Any CPU
		{E588A3FC-96B4-4B46-B563-1686373C31E2}.Release|Any CPU.Build.0 = Release|Any CPU
		{98D22A24-A445-4665-BE09-1545C22A2ACA}.Debug|Any CPU.ActiveCfg = Debug|Any CPU
		{98D22A24-A445-4665-BE09-1545C22A2ACA}.Debug|Any CPU.Build.0 = Debug|Any CPU
		{98D22A24-A445-4665-BE09-1545C22A2ACA}.Release|Any CPU.ActiveCfg = Release|Any CPU
		{98D22A24-A445-4665-BE09-1545C22A2ACA}.Release|Any CPU.Build.0 = Release|Any CPU
		{8EF70B31-395D-4991-B7F2-A6C0EBEC6E65}.Debug|Any CPU.ActiveCfg = Debug|Any CPU
		{8EF70B31-395D-4991-B7F2-A6C0EBEC6E65}.Debug|Any CPU.Build.0 = Debug|Any CPU
		{8EF70B31-395D-4991-B7F2-A6C0EBEC6E65}.Release|Any CPU.ActiveCfg = Release|Any CPU
		{8EF70B31-395D-4991-B7F2-A6C0EBEC6E65}.Release|Any CPU.Build.0 = Release|Any CPU
		{83E9BDEA-AAAD-4D4C-9E05-B7C45FEAF6E9}.Debug|Any CPU.ActiveCfg = Debug|Any CPU
		{83E9BDEA-AAAD-4D4C-9E05-B7C45FEAF6E9}.Debug|Any CPU.Build.0 = Debug|Any CPU
		{83E9BDEA-AAAD-4D4C-9E05-B7C45FEAF6E9}.Release|Any CPU.ActiveCfg = Release|Any CPU
		{83E9BDEA-AAAD-4D4C-9E05-B7C45FEAF6E9}.Release|Any CPU.Build.0 = Release|Any CPU
	EndGlobalSection
	GlobalSection(SolutionProperties) = preSolution
		HideSolutionNode = FALSE
	EndGlobalSection
	GlobalSection(ExtensibilityGlobals) = postSolution
		SolutionGuid = {85D82643-B5A4-4606-B0D3-783C4EB73737}
	EndGlobalSection
EndGlobal
